// !$*UTF8*$!
{
	archiveVersion = 1;
	classes = {
	};
	objectVersion = 50;
	objects = {

/* Begin PBXBuildFile section */
		1F2A5EA223A2BA5600500C40 /* AppDelegate.swift in Sources */ = {isa = PBXBuildFile; fileRef = 1F2A5EA123A2BA5600500C40 /* AppDelegate.swift */; };
		1F2A5EA423A2BA5600500C40 /* SceneDelegate.swift in Sources */ = {isa = PBXBuildFile; fileRef = 1F2A5EA323A2BA5600500C40 /* SceneDelegate.swift */; };
		1F2A5EA723A2BA5600500C40 /* OneMediPlan.xcdatamodeld in Sources */ = {isa = PBXBuildFile; fileRef = 1F2A5EA523A2BA5600500C40 /* OneMediPlan.xcdatamodeld */; };
		1F2A5EAB23A2BA5700500C40 /* Assets.xcassets in Resources */ = {isa = PBXBuildFile; fileRef = 1F2A5EAA23A2BA5700500C40 /* Assets.xcassets */; };
		1F2A5EAE23A2BA5700500C40 /* Preview Assets.xcassets in Resources */ = {isa = PBXBuildFile; fileRef = 1F2A5EAD23A2BA5700500C40 /* Preview Assets.xcassets */; };
		1F2A5EB123A2BA5700500C40 /* LaunchScreen.storyboard in Resources */ = {isa = PBXBuildFile; fileRef = 1F2A5EAF23A2BA5700500C40 /* LaunchScreen.storyboard */; };
		1F2A5EBC23A2BA5700500C40 /* OneMediPlanTests.swift in Sources */ = {isa = PBXBuildFile; fileRef = 1F2A5EBB23A2BA5700500C40 /* OneMediPlanTests.swift */; };
		1F2A5ECA23A2BCBC00500C40 /* MediRow.swift in Sources */ = {isa = PBXBuildFile; fileRef = 1F2A5EC923A2BCBC00500C40 /* MediRow.swift */; };
		1FA79AA623A2ECED00474125 /* MediListView.swift in Sources */ = {isa = PBXBuildFile; fileRef = 1FA79AA523A2ECED00474125 /* MediListView.swift */; };
		1FA79AA823A3720200474125 /* CreateMediView.swift in Sources */ = {isa = PBXBuildFile; fileRef = 1FA79AA723A3720200474125 /* CreateMediView.swift */; };
		1FA79AAC23A432F500474125 /* StockView.swift in Sources */ = {isa = PBXBuildFile; fileRef = 1FA79AAB23A432F500474125 /* StockView.swift */; };
		1FA79AAE23A433E900474125 /* DosageView.swift in Sources */ = {isa = PBXBuildFile; fileRef = 1FA79AAD23A433E900474125 /* DosageView.swift */; };
		1FA79AB023A434BB00474125 /* NextDateView.swift in Sources */ = {isa = PBXBuildFile; fileRef = 1FA79AAF23A434BB00474125 /* NextDateView.swift */; };
		1FA79AB223A445A500474125 /* SelectDateInputView.swift in Sources */ = {isa = PBXBuildFile; fileRef = 1FA79AB123A445A500474125 /* SelectDateInputView.swift */; };
		1FA79AB423A580F400474125 /* StockInputView.swift in Sources */ = {isa = PBXBuildFile; fileRef = 1FA79AB323A580F400474125 /* StockInputView.swift */; };
		1FA79AB623A674F600474125 /* MyData.swift in Sources */ = {isa = PBXBuildFile; fileRef = 1FA79AB523A674F500474125 /* MyData.swift */; };
		1FA79ABA23A7690400474125 /* NameInputView.swift in Sources */ = {isa = PBXBuildFile; fileRef = 1FA79AB923A7690400474125 /* NameInputView.swift */; };
		1FA79ABC23A76A2300474125 /* IntervalInputView.swift in Sources */ = {isa = PBXBuildFile; fileRef = 1FA79ABB23A76A2300474125 /* IntervalInputView.swift */; };
		1FA79ABE23A76BC800474125 /* DosageInputView.swift in Sources */ = {isa = PBXBuildFile; fileRef = 1FA79ABD23A76BC800474125 /* DosageInputView.swift */; };
		1FB68A6123E9E15C001AB650 /* MediListViewModel.swift in Sources */ = {isa = PBXBuildFile; fileRef = 1FB68A6023E9E15C001AB650 /* MediListViewModel.swift */; };
		1FB68A6423E9E8EE001AB650 /* CreateMediViewModel.swift in Sources */ = {isa = PBXBuildFile; fileRef = 1FB68A6323E9E8EE001AB650 /* CreateMediViewModel.swift */; };
		1FB68A6623E9E9C9001AB650 /* IntervalInputViewModel.swift in Sources */ = {isa = PBXBuildFile; fileRef = 1FB68A6523E9E9C9001AB650 /* IntervalInputViewModel.swift */; };
		1FB68A6823EB3408001AB650 /* MediRowViewModel.swift in Sources */ = {isa = PBXBuildFile; fileRef = 1FB68A6723EB3408001AB650 /* MediRowViewModel.swift */; };
		1FB68A6B23EB3480001AB650 /* StringExtensions.swift in Sources */ = {isa = PBXBuildFile; fileRef = 1FB68A6A23EB3480001AB650 /* StringExtensions.swift */; };
/* End PBXBuildFile section */

/* Begin PBXContainerItemProxy section */
		1F2A5EB823A2BA5700500C40 /* PBXContainerItemProxy */ = {
			isa = PBXContainerItemProxy;
			containerPortal = 1F2A5E9623A2BA5600500C40 /* Project object */;
			proxyType = 1;
			remoteGlobalIDString = 1F2A5E9D23A2BA5600500C40;
			remoteInfo = OneMediPlan;
		};
/* End PBXContainerItemProxy section */

/* Begin PBXFileReference section */
		1F2A5E9E23A2BA5600500C40 /* OneMediPlan.app */ = {isa = PBXFileReference; explicitFileType = wrapper.application; includeInIndex = 0; path = OneMediPlan.app; sourceTree = BUILT_PRODUCTS_DIR; };
		1F2A5EA123A2BA5600500C40 /* AppDelegate.swift */ = {isa = PBXFileReference; lastKnownFileType = sourcecode.swift; path = AppDelegate.swift; sourceTree = "<group>"; };
		1F2A5EA323A2BA5600500C40 /* SceneDelegate.swift */ = {isa = PBXFileReference; lastKnownFileType = sourcecode.swift; path = SceneDelegate.swift; sourceTree = "<group>"; };
		1F2A5EA623A2BA5600500C40 /* OneMediPlan.xcdatamodel */ = {isa = PBXFileReference; lastKnownFileType = wrapper.xcdatamodel; path = OneMediPlan.xcdatamodel; sourceTree = "<group>"; };
		1F2A5EAA23A2BA5700500C40 /* Assets.xcassets */ = {isa = PBXFileReference; lastKnownFileType = folder.assetcatalog; path = Assets.xcassets; sourceTree = "<group>"; };
		1F2A5EAD23A2BA5700500C40 /* Preview Assets.xcassets */ = {isa = PBXFileReference; lastKnownFileType = folder.assetcatalog; path = "Preview Assets.xcassets"; sourceTree = "<group>"; };
		1F2A5EB023A2BA5700500C40 /* Base */ = {isa = PBXFileReference; lastKnownFileType = file.storyboard; name = Base; path = Base.lproj/LaunchScreen.storyboard; sourceTree = "<group>"; };
		1F2A5EB223A2BA5700500C40 /* Info.plist */ = {isa = PBXFileReference; lastKnownFileType = text.plist.xml; path = Info.plist; sourceTree = "<group>"; };
		1F2A5EB723A2BA5700500C40 /* OneMediPlanTests.xctest */ = {isa = PBXFileReference; explicitFileType = wrapper.cfbundle; includeInIndex = 0; path = OneMediPlanTests.xctest; sourceTree = BUILT_PRODUCTS_DIR; };
		1F2A5EBB23A2BA5700500C40 /* OneMediPlanTests.swift */ = {isa = PBXFileReference; lastKnownFileType = sourcecode.swift; path = OneMediPlanTests.swift; sourceTree = "<group>"; };
		1F2A5EBD23A2BA5700500C40 /* Info.plist */ = {isa = PBXFileReference; lastKnownFileType = text.plist.xml; path = Info.plist; sourceTree = "<group>"; };
		1F2A5EC923A2BCBC00500C40 /* MediRow.swift */ = {isa = PBXFileReference; lastKnownFileType = sourcecode.swift; path = MediRow.swift; sourceTree = "<group>"; };
		1FA79AA523A2ECED00474125 /* MediListView.swift */ = {isa = PBXFileReference; lastKnownFileType = sourcecode.swift; path = MediListView.swift; sourceTree = "<group>"; };
		1FA79AA723A3720200474125 /* CreateMediView.swift */ = {isa = PBXFileReference; lastKnownFileType = sourcecode.swift; path = CreateMediView.swift; sourceTree = "<group>"; };
		1FA79AAB23A432F500474125 /* StockView.swift */ = {isa = PBXFileReference; lastKnownFileType = sourcecode.swift; path = StockView.swift; sourceTree = "<group>"; };
		1FA79AAD23A433E900474125 /* DosageView.swift */ = {isa = PBXFileReference; lastKnownFileType = sourcecode.swift; path = DosageView.swift; sourceTree = "<group>"; };
		1FA79AAF23A434BB00474125 /* NextDateView.swift */ = {isa = PBXFileReference; lastKnownFileType = sourcecode.swift; path = NextDateView.swift; sourceTree = "<group>"; };
		1FA79AB123A445A500474125 /* SelectDateInputView.swift */ = {isa = PBXFileReference; lastKnownFileType = sourcecode.swift; path = SelectDateInputView.swift; sourceTree = "<group>"; };
		1FA79AB323A580F400474125 /* StockInputView.swift */ = {isa = PBXFileReference; lastKnownFileType = sourcecode.swift; path = StockInputView.swift; sourceTree = "<group>"; };
		1FA79AB523A674F500474125 /* MyData.swift */ = {isa = PBXFileReference; lastKnownFileType = sourcecode.swift; path = MyData.swift; sourceTree = "<group>"; };
		1FA79AB923A7690400474125 /* NameInputView.swift */ = {isa = PBXFileReference; lastKnownFileType = sourcecode.swift; path = NameInputView.swift; sourceTree = "<group>"; };
		1FA79ABB23A76A2300474125 /* IntervalInputView.swift */ = {isa = PBXFileReference; lastKnownFileType = sourcecode.swift; path = IntervalInputView.swift; sourceTree = "<group>"; };
		1FA79ABD23A76BC800474125 /* DosageInputView.swift */ = {isa = PBXFileReference; lastKnownFileType = sourcecode.swift; path = DosageInputView.swift; sourceTree = "<group>"; };
		1FB68A6023E9E15C001AB650 /* MediListViewModel.swift */ = {isa = PBXFileReference; lastKnownFileType = sourcecode.swift; path = MediListViewModel.swift; sourceTree = "<group>"; };
		1FB68A6323E9E8EE001AB650 /* CreateMediViewModel.swift */ = {isa = PBXFileReference; lastKnownFileType = sourcecode.swift; path = CreateMediViewModel.swift; sourceTree = "<group>"; };
		1FB68A6523E9E9C9001AB650 /* IntervalInputViewModel.swift */ = {isa = PBXFileReference; lastKnownFileType = sourcecode.swift; path = IntervalInputViewModel.swift; sourceTree = "<group>"; };
		1FB68A6723EB3408001AB650 /* MediRowViewModel.swift */ = {isa = PBXFileReference; lastKnownFileType = sourcecode.swift; path = MediRowViewModel.swift; sourceTree = "<group>"; };
		1FB68A6A23EB3480001AB650 /* StringExtensions.swift */ = {isa = PBXFileReference; lastKnownFileType = sourcecode.swift; path = StringExtensions.swift; sourceTree = "<group>"; };
/* End PBXFileReference section */

/* Begin PBXFrameworksBuildPhase section */
		1F2A5E9B23A2BA5600500C40 /* Frameworks */ = {
			isa = PBXFrameworksBuildPhase;
			buildActionMask = 2147483647;
			files = (
			);
			runOnlyForDeploymentPostprocessing = 0;
		};
		1F2A5EB423A2BA5700500C40 /* Frameworks */ = {
			isa = PBXFrameworksBuildPhase;
			buildActionMask = 2147483647;
			files = (
			);
			runOnlyForDeploymentPostprocessing = 0;
		};
/* End PBXFrameworksBuildPhase section */

/* Begin PBXGroup section */
		1F2A5E9523A2BA5600500C40 = {
			isa = PBXGroup;
			children = (
				1F2A5EA023A2BA5600500C40 /* OneMediPlan */,
				1F2A5EBA23A2BA5700500C40 /* OneMediPlanTests */,
				1F2A5E9F23A2BA5600500C40 /* Products */,
			);
			sourceTree = "<group>";
		};
		1F2A5E9F23A2BA5600500C40 /* Products */ = {
			isa = PBXGroup;
			children = (
				1F2A5E9E23A2BA5600500C40 /* OneMediPlan.app */,
				1F2A5EB723A2BA5700500C40 /* OneMediPlanTests.xctest */,
			);
			name = Products;
			sourceTree = "<group>";
		};
		1F2A5EA023A2BA5600500C40 /* OneMediPlan */ = {
			isa = PBXGroup;
			children = (
				1FB68A6923EB346C001AB650 /* Extensions */,
				1FB68A5F23E9E13C001AB650 /* ViewModels */,
				1F2A5EC823A2BCA000500C40 /* Models */,
				1F2A5EC723A2BC9500500C40 /* Views */,
				1F2A5EA123A2BA5600500C40 /* AppDelegate.swift */,
				1F2A5EA323A2BA5600500C40 /* SceneDelegate.swift */,
				1F2A5EAA23A2BA5700500C40 /* Assets.xcassets */,
				1F2A5EAF23A2BA5700500C40 /* LaunchScreen.storyboard */,
				1F2A5EB223A2BA5700500C40 /* Info.plist */,
				1F2A5EAC23A2BA5700500C40 /* Preview Content */,
			);
			path = OneMediPlan;
			sourceTree = "<group>";
		};
		1F2A5EAC23A2BA5700500C40 /* Preview Content */ = {
			isa = PBXGroup;
			children = (
				1F2A5EAD23A2BA5700500C40 /* Preview Assets.xcassets */,
			);
			path = "Preview Content";
			sourceTree = "<group>";
		};
		1F2A5EBA23A2BA5700500C40 /* OneMediPlanTests */ = {
			isa = PBXGroup;
			children = (
				1F2A5EBB23A2BA5700500C40 /* OneMediPlanTests.swift */,
				1F2A5EBD23A2BA5700500C40 /* Info.plist */,
			);
			path = OneMediPlanTests;
			sourceTree = "<group>";
		};
		1F2A5EC623A2BC8700500C40 /* Components */ = {
			isa = PBXGroup;
			children = (
				1F4C695F23A774C800374749 /* InputViews */,
				1F2A5EC923A2BCBC00500C40 /* MediRow.swift */,
				1FA79AAF23A434BB00474125 /* NextDateView.swift */,
				1FA79AAD23A433E900474125 /* DosageView.swift */,
				1FA79AAB23A432F500474125 /* StockView.swift */,
			);
			path = Components;
			sourceTree = "<group>";
		};
		1F2A5EC723A2BC9500500C40 /* Views */ = {
			isa = PBXGroup;
			children = (
				1FB68A6223E9E172001AB650 /* Lists */,
				1F2A5EC623A2BC8700500C40 /* Components */,
				1FA79AA723A3720200474125 /* CreateMediView.swift */,
			);
			path = Views;
			sourceTree = "<group>";
		};
		1F2A5EC823A2BCA000500C40 /* Models */ = {
			isa = PBXGroup;
			children = (
				1F2A5EA523A2BA5600500C40 /* OneMediPlan.xcdatamodeld */,
				1FA79AB523A674F500474125 /* MyData.swift */,
			);
			path = Models;
			sourceTree = "<group>";
		};
		1F4C695F23A774C800374749 /* InputViews */ = {
			isa = PBXGroup;
			children = (
				1FA79AB923A7690400474125 /* NameInputView.swift */,
				1FA79ABB23A76A2300474125 /* IntervalInputView.swift */,
				1FA79ABD23A76BC800474125 /* DosageInputView.swift */,
				1FA79AB323A580F400474125 /* StockInputView.swift */,
				1FA79AB123A445A500474125 /* SelectDateInputView.swift */,
			);
			path = InputViews;
			sourceTree = "<group>";
		};
		1FB68A5F23E9E13C001AB650 /* ViewModels */ = {
			isa = PBXGroup;
			children = (
				1FB68A6023E9E15C001AB650 /* MediListViewModel.swift */,
				1FB68A6323E9E8EE001AB650 /* CreateMediViewModel.swift */,
				1FB68A6523E9E9C9001AB650 /* IntervalInputViewModel.swift */,
				1FB68A6723EB3408001AB650 /* MediRowViewModel.swift */,
			);
			path = ViewModels;
			sourceTree = "<group>";
		};
		1FB68A6223E9E172001AB650 /* Lists */ = {
			isa = PBXGroup;
			children = (
				1FA79AA523A2ECED00474125 /* MediListView.swift */,
			);
			path = Lists;
			sourceTree = "<group>";
		};
		1FB68A6923EB346C001AB650 /* Extensions */ = {
			isa = PBXGroup;
			children = (
				1FB68A6A23EB3480001AB650 /* StringExtensions.swift */,
			);
			path = Extensions;
			sourceTree = "<group>";
		};
/* End PBXGroup section */

/* Begin PBXNativeTarget section */
		1F2A5E9D23A2BA5600500C40 /* OneMediPlan */ = {
			isa = PBXNativeTarget;
			buildConfigurationList = 1F2A5EC023A2BA5800500C40 /* Build configuration list for PBXNativeTarget "OneMediPlan" */;
			buildPhases = (
				1F2A5E9A23A2BA5600500C40 /* Sources */,
				1F2A5E9B23A2BA5600500C40 /* Frameworks */,
				1F2A5E9C23A2BA5600500C40 /* Resources */,
			);
			buildRules = (
			);
			dependencies = (
			);
			name = OneMediPlan;
			productName = OneMediPlan;
			productReference = 1F2A5E9E23A2BA5600500C40 /* OneMediPlan.app */;
			productType = "com.apple.product-type.application";
		};
		1F2A5EB623A2BA5700500C40 /* OneMediPlanTests */ = {
			isa = PBXNativeTarget;
			buildConfigurationList = 1F2A5EC323A2BA5800500C40 /* Build configuration list for PBXNativeTarget "OneMediPlanTests" */;
			buildPhases = (
				1F2A5EB323A2BA5700500C40 /* Sources */,
				1F2A5EB423A2BA5700500C40 /* Frameworks */,
				1F2A5EB523A2BA5700500C40 /* Resources */,
			);
			buildRules = (
			);
			dependencies = (
				1F2A5EB923A2BA5700500C40 /* PBXTargetDependency */,
			);
			name = OneMediPlanTests;
			productName = OneMediPlanTests;
			productReference = 1F2A5EB723A2BA5700500C40 /* OneMediPlanTests.xctest */;
			productType = "com.apple.product-type.bundle.unit-test";
		};
/* End PBXNativeTarget section */

/* Begin PBXProject section */
		1F2A5E9623A2BA5600500C40 /* Project object */ = {
			isa = PBXProject;
			attributes = {
				LastSwiftUpdateCheck = 1130;
				LastUpgradeCheck = 1130;
				ORGANIZATIONNAME = "Marcel Benders";
				TargetAttributes = {
					1F2A5E9D23A2BA5600500C40 = {
						CreatedOnToolsVersion = 11.3;
					};
					1F2A5EB623A2BA5700500C40 = {
						CreatedOnToolsVersion = 11.3;
						TestTargetID = 1F2A5E9D23A2BA5600500C40;
					};
				};
			};
			buildConfigurationList = 1F2A5E9923A2BA5600500C40 /* Build configuration list for PBXProject "OneMediPlan" */;
			compatibilityVersion = "Xcode 9.3";
			developmentRegion = en;
			hasScannedForEncodings = 0;
			knownRegions = (
				en,
				Base,
			);
			mainGroup = 1F2A5E9523A2BA5600500C40;
			productRefGroup = 1F2A5E9F23A2BA5600500C40 /* Products */;
			projectDirPath = "";
			projectRoot = "";
			targets = (
				1F2A5E9D23A2BA5600500C40 /* OneMediPlan */,
				1F2A5EB623A2BA5700500C40 /* OneMediPlanTests */,
			);
		};
/* End PBXProject section */

/* Begin PBXResourcesBuildPhase section */
		1F2A5E9C23A2BA5600500C40 /* Resources */ = {
			isa = PBXResourcesBuildPhase;
			buildActionMask = 2147483647;
			files = (
				1F2A5EB123A2BA5700500C40 /* LaunchScreen.storyboard in Resources */,
				1F2A5EAE23A2BA5700500C40 /* Preview Assets.xcassets in Resources */,
				1F2A5EAB23A2BA5700500C40 /* Assets.xcassets in Resources */,
			);
			runOnlyForDeploymentPostprocessing = 0;
		};
		1F2A5EB523A2BA5700500C40 /* Resources */ = {
			isa = PBXResourcesBuildPhase;
			buildActionMask = 2147483647;
			files = (
			);
			runOnlyForDeploymentPostprocessing = 0;
		};
/* End PBXResourcesBuildPhase section */

/* Begin PBXSourcesBuildPhase section */
		1F2A5E9A23A2BA5600500C40 /* Sources */ = {
			isa = PBXSourcesBuildPhase;
			buildActionMask = 2147483647;
			files = (
				1FA79AB223A445A500474125 /* SelectDateInputView.swift in Sources */,
				1FA79AB023A434BB00474125 /* NextDateView.swift in Sources */,
				1FA79ABA23A7690400474125 /* NameInputView.swift in Sources */,
				1F2A5ECA23A2BCBC00500C40 /* MediRow.swift in Sources */,
				1FB68A6123E9E15C001AB650 /* MediListViewModel.swift in Sources */,
				1FA79ABC23A76A2300474125 /* IntervalInputView.swift in Sources */,
				1FA79AB623A674F600474125 /* MyData.swift in Sources */,
				1FB68A6823EB3408001AB650 /* MediRowViewModel.swift in Sources */,
				1FA79AAE23A433E900474125 /* DosageView.swift in Sources */,
				1F2A5EA723A2BA5600500C40 /* OneMediPlan.xcdatamodeld in Sources */,
				1FA79AB423A580F400474125 /* StockInputView.swift in Sources */,
				1FA79AAC23A432F500474125 /* StockView.swift in Sources */,
				1FB68A6B23EB3480001AB650 /* StringExtensions.swift in Sources */,
				1F2A5EA223A2BA5600500C40 /* AppDelegate.swift in Sources */,
				1FB68A6623E9E9C9001AB650 /* IntervalInputViewModel.swift in Sources */,
				1FA79AA823A3720200474125 /* CreateMediView.swift in Sources */,
				1F2A5EA423A2BA5600500C40 /* SceneDelegate.swift in Sources */,
				1FA79ABE23A76BC800474125 /* DosageInputView.swift in Sources */,
				1FA79AA623A2ECED00474125 /* MediListView.swift in Sources */,
				1FB68A6423E9E8EE001AB650 /* CreateMediViewModel.swift in Sources */,
			);
			runOnlyForDeploymentPostprocessing = 0;
		};
		1F2A5EB323A2BA5700500C40 /* Sources */ = {
			isa = PBXSourcesBuildPhase;
			buildActionMask = 2147483647;
			files = (
				1F2A5EBC23A2BA5700500C40 /* OneMediPlanTests.swift in Sources */,
			);
			runOnlyForDeploymentPostprocessing = 0;
		};
/* End PBXSourcesBuildPhase section */

/* Begin PBXTargetDependency section */
		1F2A5EB923A2BA5700500C40 /* PBXTargetDependency */ = {
			isa = PBXTargetDependency;
			target = 1F2A5E9D23A2BA5600500C40 /* OneMediPlan */;
			targetProxy = 1F2A5EB823A2BA5700500C40 /* PBXContainerItemProxy */;
		};
/* End PBXTargetDependency section */

/* Begin PBXVariantGroup section */
		1F2A5EAF23A2BA5700500C40 /* LaunchScreen.storyboard */ = {
			isa = PBXVariantGroup;
			children = (
				1F2A5EB023A2BA5700500C40 /* Base */,
			);
			name = LaunchScreen.storyboard;
			sourceTree = "<group>";
		};
/* End PBXVariantGroup section */

/* Begin XCBuildConfiguration section */
		1F2A5EBE23A2BA5700500C40 /* Debug */ = {
			isa = XCBuildConfiguration;
			buildSettings = {
				ALWAYS_SEARCH_USER_PATHS = NO;
				CLANG_ANALYZER_NONNULL = YES;
				CLANG_ANALYZER_NUMBER_OBJECT_CONVERSION = YES_AGGRESSIVE;
				CLANG_CXX_LANGUAGE_STANDARD = "gnu++14";
				CLANG_CXX_LIBRARY = "libc++";
				CLANG_ENABLE_MODULES = YES;
				CLANG_ENABLE_OBJC_ARC = YES;
				CLANG_ENABLE_OBJC_WEAK = YES;
				CLANG_WARN_BLOCK_CAPTURE_AUTORELEASING = YES;
				CLANG_WARN_BOOL_CONVERSION = YES;
				CLANG_WARN_COMMA = YES;
				CLANG_WARN_CONSTANT_CONVERSION = YES;
				CLANG_WARN_DEPRECATED_OBJC_IMPLEMENTATIONS = YES;
				CLANG_WARN_DIRECT_OBJC_ISA_USAGE = YES_ERROR;
				CLANG_WARN_DOCUMENTATION_COMMENTS = YES;
				CLANG_WARN_EMPTY_BODY = YES;
				CLANG_WARN_ENUM_CONVERSION = YES;
				CLANG_WARN_INFINITE_RECURSION = YES;
				CLANG_WARN_INT_CONVERSION = YES;
				CLANG_WARN_NON_LITERAL_NULL_CONVERSION = YES;
				CLANG_WARN_OBJC_IMPLICIT_RETAIN_SELF = YES;
				CLANG_WARN_OBJC_LITERAL_CONVERSION = YES;
				CLANG_WARN_OBJC_ROOT_CLASS = YES_ERROR;
				CLANG_WARN_RANGE_LOOP_ANALYSIS = YES;
				CLANG_WARN_STRICT_PROTOTYPES = YES;
				CLANG_WARN_SUSPICIOUS_MOVE = YES;
				CLANG_WARN_UNGUARDED_AVAILABILITY = YES_AGGRESSIVE;
				CLANG_WARN_UNREACHABLE_CODE = YES;
				CLANG_WARN__DUPLICATE_METHOD_MATCH = YES;
				COPY_PHASE_STRIP = NO;
				DEBUG_INFORMATION_FORMAT = dwarf;
				ENABLE_STRICT_OBJC_MSGSEND = YES;
				ENABLE_TESTABILITY = YES;
				GCC_C_LANGUAGE_STANDARD = gnu11;
				GCC_DYNAMIC_NO_PIC = NO;
				GCC_NO_COMMON_BLOCKS = YES;
				GCC_OPTIMIZATION_LEVEL = 0;
				GCC_PREPROCESSOR_DEFINITIONS = (
					"DEBUG=1",
					"$(inherited)",
				);
				GCC_WARN_64_TO_32_BIT_CONVERSION = YES;
				GCC_WARN_ABOUT_RETURN_TYPE = YES_ERROR;
				GCC_WARN_UNDECLARED_SELECTOR = YES;
				GCC_WARN_UNINITIALIZED_AUTOS = YES_AGGRESSIVE;
				GCC_WARN_UNUSED_FUNCTION = YES;
				GCC_WARN_UNUSED_VARIABLE = YES;
				IPHONEOS_DEPLOYMENT_TARGET = 13.2;
				MTL_ENABLE_DEBUG_INFO = INCLUDE_SOURCE;
				MTL_FAST_MATH = YES;
				ONLY_ACTIVE_ARCH = YES;
				SDKROOT = iphoneos;
				SWIFT_ACTIVE_COMPILATION_CONDITIONS = DEBUG;
				SWIFT_OPTIMIZATION_LEVEL = "-Onone";
			};
			name = Debug;
		};
		1F2A5EBF23A2BA5700500C40 /* Release */ = {
			isa = XCBuildConfiguration;
			buildSettings = {
				ALWAYS_SEARCH_USER_PATHS = NO;
				CLANG_ANALYZER_NONNULL = YES;
				CLANG_ANALYZER_NUMBER_OBJECT_CONVERSION = YES_AGGRESSIVE;
				CLANG_CXX_LANGUAGE_STANDARD = "gnu++14";
				CLANG_CXX_LIBRARY = "libc++";
				CLANG_ENABLE_MODULES = YES;
				CLANG_ENABLE_OBJC_ARC = YES;
				CLANG_ENABLE_OBJC_WEAK = YES;
				CLANG_WARN_BLOCK_CAPTURE_AUTORELEASING = YES;
				CLANG_WARN_BOOL_CONVERSION = YES;
				CLANG_WARN_COMMA = YES;
				CLANG_WARN_CONSTANT_CONVERSION = YES;
				CLANG_WARN_DEPRECATED_OBJC_IMPLEMENTATIONS = YES;
				CLANG_WARN_DIRECT_OBJC_ISA_USAGE = YES_ERROR;
				CLANG_WARN_DOCUMENTATION_COMMENTS = YES;
				CLANG_WARN_EMPTY_BODY = YES;
				CLANG_WARN_ENUM_CONVERSION = YES;
				CLANG_WARN_INFINITE_RECURSION = YES;
				CLANG_WARN_INT_CONVERSION = YES;
				CLANG_WARN_NON_LITERAL_NULL_CONVERSION = YES;
				CLANG_WARN_OBJC_IMPLICIT_RETAIN_SELF = YES;
				CLANG_WARN_OBJC_LITERAL_CONVERSION = YES;
				CLANG_WARN_OBJC_ROOT_CLASS = YES_ERROR;
				CLANG_WARN_RANGE_LOOP_ANALYSIS = YES;
				CLANG_WARN_STRICT_PROTOTYPES = YES;
				CLANG_WARN_SUSPICIOUS_MOVE = YES;
				CLANG_WARN_UNGUARDED_AVAILABILITY = YES_AGGRESSIVE;
				CLANG_WARN_UNREACHABLE_CODE = YES;
				CLANG_WARN__DUPLICATE_METHOD_MATCH = YES;
				COPY_PHASE_STRIP = NO;
				DEBUG_INFORMATION_FORMAT = "dwarf-with-dsym";
				ENABLE_NS_ASSERTIONS = NO;
				ENABLE_STRICT_OBJC_MSGSEND = YES;
				GCC_C_LANGUAGE_STANDARD = gnu11;
				GCC_NO_COMMON_BLOCKS = YES;
				GCC_WARN_64_TO_32_BIT_CONVERSION = YES;
				GCC_WARN_ABOUT_RETURN_TYPE = YES_ERROR;
				GCC_WARN_UNDECLARED_SELECTOR = YES;
				GCC_WARN_UNINITIALIZED_AUTOS = YES_AGGRESSIVE;
				GCC_WARN_UNUSED_FUNCTION = YES;
				GCC_WARN_UNUSED_VARIABLE = YES;
				IPHONEOS_DEPLOYMENT_TARGET = 13.2;
				MTL_ENABLE_DEBUG_INFO = NO;
				MTL_FAST_MATH = YES;
				SDKROOT = iphoneos;
				SWIFT_COMPILATION_MODE = wholemodule;
				SWIFT_OPTIMIZATION_LEVEL = "-O";
				VALIDATE_PRODUCT = YES;
			};
			name = Release;
		};
		1F2A5EC123A2BA5800500C40 /* Debug */ = {
			isa = XCBuildConfiguration;
			buildSettings = {
				ASSETCATALOG_COMPILER_APPICON_NAME = AppIcon;
				CODE_SIGN_STYLE = Automatic;
				CURRENT_PROJECT_VERSION = 0.13;
				DEVELOPMENT_ASSET_PATHS = "\"OneMediPlan/Preview Content\"";
				DEVELOPMENT_TEAM = 6GGU8ET2C4;
				ENABLE_PREVIEWS = YES;
				INFOPLIST_FILE = OneMediPlan/Info.plist;
				LD_RUNPATH_SEARCH_PATHS = (
					"$(inherited)",
					"@executable_path/Frameworks",
				);
				MARKETING_VERSION = 0.0;
				PRODUCT_BUNDLE_IDENTIFIER = "com.b-velop.OneMediPlan";
				PRODUCT_NAME = "$(TARGET_NAME)";
				SWIFT_VERSION = 5.0;
				TARGETED_DEVICE_FAMILY = "1,2";
			};
			name = Debug;
		};
		1F2A5EC223A2BA5800500C40 /* Release */ = {
			isa = XCBuildConfiguration;
			buildSettings = {
				ASSETCATALOG_COMPILER_APPICON_NAME = AppIcon;
				CODE_SIGN_STYLE = Automatic;
				CURRENT_PROJECT_VERSION = 0.13;
				DEVELOPMENT_ASSET_PATHS = "\"OneMediPlan/Preview Content\"";
				DEVELOPMENT_TEAM = 6GGU8ET2C4;
				ENABLE_PREVIEWS = YES;
				INFOPLIST_FILE = OneMediPlan/Info.plist;
				LD_RUNPATH_SEARCH_PATHS = (
					"$(inherited)",
					"@executable_path/Frameworks",
				);
				MARKETING_VERSION = 0.0;
				PRODUCT_BUNDLE_IDENTIFIER = "com.b-velop.OneMediPlan";
				PRODUCT_NAME = "$(TARGET_NAME)";
				SWIFT_VERSION = 5.0;
				TARGETED_DEVICE_FAMILY = "1,2";
			};
			name = Release;
		};
		1F2A5EC423A2BA5800500C40 /* Debug */ = {
			isa = XCBuildConfiguration;
			buildSettings = {
				ALWAYS_EMBED_SWIFT_STANDARD_LIBRARIES = YES;
				BUNDLE_LOADER = "$(TEST_HOST)";
				CODE_SIGN_STYLE = Automatic;
				DEVELOPMENT_TEAM = 6GGU8ET2C4;
				INFOPLIST_FILE = OneMediPlanTests/Info.plist;
				IPHONEOS_DEPLOYMENT_TARGET = 13.2;
				LD_RUNPATH_SEARCH_PATHS = (
					"$(inherited)",
					"@executable_path/Frameworks",
					"@loader_path/Frameworks",
				);
				PRODUCT_BUNDLE_IDENTIFIER = "com.b-velop.OneMediPlanTests";
				PRODUCT_NAME = "$(TARGET_NAME)";
				SWIFT_VERSION = 5.0;
				TARGETED_DEVICE_FAMILY = "1,2";
				TEST_HOST = "$(BUILT_PRODUCTS_DIR)/OneMediPlan.app/OneMediPlan";
			};
			name = Debug;
		};
		1F2A5EC523A2BA5800500C40 /* Release */ = {
			isa = XCBuildConfiguration;
			buildSettings = {
				ALWAYS_EMBED_SWIFT_STANDARD_LIBRARIES = YES;
				BUNDLE_LOADER = "$(TEST_HOST)";
				CODE_SIGN_STYLE = Automatic;
				DEVELOPMENT_TEAM = 6GGU8ET2C4;
				INFOPLIST_FILE = OneMediPlanTests/Info.plist;
				IPHONEOS_DEPLOYMENT_TARGET = 13.2;
				LD_RUNPATH_SEARCH_PATHS = (
					"$(inherited)",
					"@executable_path/Frameworks",
					"@loader_path/Frameworks",
				);
				PRODUCT_BUNDLE_IDENTIFIER = "com.b-velop.OneMediPlanTests";
				PRODUCT_NAME = "$(TARGET_NAME)";
				SWIFT_VERSION = 5.0;
				TARGETED_DEVICE_FAMILY = "1,2";
				TEST_HOST = "$(BUILT_PRODUCTS_DIR)/OneMediPlan.app/OneMediPlan";
			};
			name = Release;
		};
/* End XCBuildConfiguration section */

/* Begin XCConfigurationList section */
		1F2A5E9923A2BA5600500C40 /* Build configuration list for PBXProject "OneMediPlan" */ = {
			isa = XCConfigurationList;
			buildConfigurations = (
				1F2A5EBE23A2BA5700500C40 /* Debug */,
				1F2A5EBF23A2BA5700500C40 /* Release */,
			);
			defaultConfigurationIsVisible = 0;
			defaultConfigurationName = Release;
		};
		1F2A5EC023A2BA5800500C40 /* Build configuration list for PBXNativeTarget "OneMediPlan" */ = {
			isa = XCConfigurationList;
			buildConfigurations = (
				1F2A5EC123A2BA5800500C40 /* Debug */,
				1F2A5EC223A2BA5800500C40 /* Release */,
			);
			defaultConfigurationIsVisible = 0;
			defaultConfigurationName = Release;
		};
		1F2A5EC323A2BA5800500C40 /* Build configuration list for PBXNativeTarget "OneMediPlanTests" */ = {
			isa = XCConfigurationList;
			buildConfigurations = (
				1F2A5EC423A2BA5800500C40 /* Debug */,
				1F2A5EC523A2BA5800500C40 /* Release */,
			);
			defaultConfigurationIsVisible = 0;
			defaultConfigurationName = Release;
		};
/* End XCConfigurationList section */

/* Begin XCVersionGroup section */
		1F2A5EA523A2BA5600500C40 /* OneMediPlan.xcdatamodeld */ = {
			isa = XCVersionGroup;
			children = (
				1F2A5EA623A2BA5600500C40 /* OneMediPlan.xcdatamodel */,
			);
			currentVersion = 1F2A5EA623A2BA5600500C40 /* OneMediPlan.xcdatamodel */;
			path = OneMediPlan.xcdatamodeld;
			sourceTree = "<group>";
			versionGroupType = wrapper.xcdatamodel;
		};
/* End XCVersionGroup section */
	};
	rootObject = 1F2A5E9623A2BA5600500C40 /* Project object */;
}
